<?xml version="1.0" encoding="utf-8"?>
<Project ToolsVersion="4.0" xmlns="http://schemas.microsoft.com/developer/msbuild/2003">
  <ItemGroup>
    <ClCompile Include="Main.cpp" />
    <ClCompile Include="SpaceShip.hpp">
      <Filter>GameObjects\Ally</Filter>
    </ClCompile>
  </ItemGroup>
  <ItemGroup>
    <ClInclude Include="Faction.hpp" />
    <ClInclude Include="IDamageable.hpp" />
    <ClInclude Include="LoopingSheet.hpp" />
    <ClInclude Include="OptionsMenuController.hpp" />
    <ClInclude Include="PauseMenuController.hpp" />
    <ClInclude Include="XenonAssetKeys.h" />
    <ClInclude Include="XenonGameInstance.hpp" />
    <ClInclude Include="XenonGameMode.hpp" />
    <ClInclude Include="XenonHUDController.hpp" />
    <ClInclude Include="AllyEntity.hpp">
      <Filter>GameObjects\Ally</Filter>
    </ClInclude>
    <ClInclude Include="AnimatedPickup.hpp">
      <Filter>GameObjects\Pickup</Filter>
    </ClInclude>
    <ClInclude Include="Companion.hpp">
      <Filter>GameObjects\Ally</Filter>
    </ClInclude>
    <ClInclude Include="CompanionPickup.hpp">
      <Filter>GameObjects\Pickup</Filter>
    </ClInclude>
    <ClInclude Include="Drone.hpp">
      <Filter>GameObjects\Enemy</Filter>
    </ClInclude>
    <ClInclude Include="EnemyEntity.hpp">
      <Filter>GameObjects\Enemy</Filter>
    </ClInclude>
    <ClInclude Include="EnemySpawners.hpp">
      <Filter>GameObjects\Enemy</Filter>
    </ClInclude>
    <ClInclude Include="HealPickup.hpp">
      <Filter>GameObjects\Pickup</Filter>
    </ClInclude>
    <ClInclude Include="Loner.hpp">
      <Filter>GameObjects\Enemy</Filter>
    </ClInclude>
    <ClInclude Include="Level1.hpp">
      <Filter>Scenes</Filter>
    </ClInclude>
    <ClInclude Include="MainMenuScene.hpp">
      <Filter>Scenes</Filter>
    </ClInclude>
    <ClInclude Include="MetalAsteroids.hpp">
      <Filter>GameObjects\Enemy</Filter>
    </ClInclude>
    <ClInclude Include="Missiles.hpp">
      <Filter>GameObjects\Projectile</Filter>
    </ClInclude>
    <ClInclude Include="Pickup.hpp">
      <Filter>GameObjects\Pickup</Filter>
    </ClInclude>
    <ClInclude Include="Pickups.hpp">
      <Filter>GameObjects\Pickup</Filter>
    </ClInclude>
    <ClInclude Include="Projectile.hpp">
      <Filter>GameObjects\Projectile</Filter>
    </ClInclude>
    <ClInclude Include="ProjectileCommon.hpp">
      <Filter>GameObjects\Projectile</Filter>
    </ClInclude>
    <ClInclude Include="ProjectileLaunchers.hpp">
      <Filter>GameObjects\Projectile</Filter>
    </ClInclude>
    <ClInclude Include="ProjectileObjects.hpp">
      <Filter>GameObjects\Projectile</Filter>
    </ClInclude>
    <ClInclude Include="Rusher.hpp">
      <Filter>GameObjects\Enemy</Filter>
    </ClInclude>
    <ClInclude Include="StoneAsteroids.hpp">
      <Filter>GameObjects\Enemy</Filter>
    </ClInclude>
    <ClInclude Include="VFX.hpp">
      <Filter>GameObjects</Filter>
    </ClInclude>
    <ClInclude Include="Entity.hpp">
      <Filter>GameObjects</Filter>
    </ClInclude>
    <ClInclude Include="ScorePopup.hpp">
      <Filter>GameObjects</Filter>
    </ClInclude>
    <ClInclude Include="WeaponPickup.hpp">
      <Filter>GameObjects\Pickup</Filter>
    </ClInclude>
  </ItemGroup>
  <ItemGroup>
    <Filter Include="GameObjects">
      <UniqueIdentifier>{b2467250-57fa-4a90-ae9c-485cc294aa52}</UniqueIdentifier>
    </Filter>
    <Filter Include="GameObjects\Enemy">
      <UniqueIdentifier>{4edaa7dc-3774-4002-b555-d16572f95af4}</UniqueIdentifier>
    </Filter>
    <Filter Include="GameObjects\Ally">
      <UniqueIdentifier>{6f5bead6-f3af-4196-bb59-fa46b3bbd6e0}</UniqueIdentifier>
    </Filter>
    <Filter Include="GameObjects\Pickup">
      <UniqueIdentifier>{b01f035d-e951-4169-8cd5-81374515f78e}</UniqueIdentifier>
    </Filter>
    <Filter Include="GameObjects\Projectile">
      <UniqueIdentifier>{4ab28f06-9780-47d0-a6e6-326a81c61f14}</UniqueIdentifier>
    </Filter>
    <Filter Include="Scenes">
      <UniqueIdentifier>{fd2551a2-b494-4bc5-899a-698dad8d9dd4}</UniqueIdentifier>
    </Filter>
  </ItemGroup>
</Project>